PODS:
  - Alamofire (4.0.1)
  - ESPullToRefresh (2.6)
  - SwiftRandom (1.0.0)

DEPENDENCIES:
  - Alamofire (~> 4.0)
  - ESPullToRefresh
  - SwiftRandom

SPEC CHECKSUMS:
  Alamofire: 7682d43245de14874acd142ec137b144aa1dd335
  ESPullToRefresh: 85f4990acf87f78c6a1466bbbee7a75d7de24db9
  SwiftRandom: 437275c63500ddf5a565cbd56996fb23f12cfc3d

PODFILE CHECKSUM: 075b241aaac2c0adc4df2e75fd81437b20c84f29

COCOAPODS: 1.1.1
