// !$*UTF8*$!
{
	archiveVersion = 1;
	classes = {
	};
	objectVersion = 46;
	objects = {

/* Begin PBXBuildFile section */
		19947658A25C25DF16DF68E0 /* Pods_ViMeow.framework in Frameworks */ = {isa = PBXBuildFile; fileRef = 09B6BC176E9816713D94A5C5 /* Pods_ViMeow.framework */; };
		A58550331DD83472006A7210 /* AppDelegate.swift in Sources */ = {isa = PBXBuildFile; fileRef = A58550321DD83472006A7210 /* AppDelegate.swift */; };
		A58550351DD83472006A7210 /* ViewController.swift in Sources */ = {isa = PBXBuildFile; fileRef = A58550341DD83472006A7210 /* ViewController.swift */; };
		A58550381DD83472006A7210 /* Main.storyboard in Resources */ = {isa = PBXBuildFile; fileRef = A58550361DD83472006A7210 /* Main.storyboard */; };
		A585503A1DD83472006A7210 /* Assets.xcassets in Resources */ = {isa = PBXBuildFile; fileRef = A58550391DD83472006A7210 /* Assets.xcassets */; };
		A585503D1DD83472006A7210 /* LaunchScreen.storyboard in Resources */ = {isa = PBXBuildFile; fileRef = A585503B1DD83472006A7210 /* LaunchScreen.storyboard */; };
/* End PBXBuildFile section */

/* Begin PBXFileReference section */
		09B6BC176E9816713D94A5C5 /* Pods_ViMeow.framework */ = {isa = PBXFileReference; explicitFileType = wrapper.framework; includeInIndex = 0; path = Pods_ViMeow.framework; sourceTree = BUILT_PRODUCTS_DIR; };
		A585502F1DD83472006A7210 /* ViMeow.app */ = {isa = PBXFileReference; explicitFileType = wrapper.application; includeInIndex = 0; path = ViMeow.app; sourceTree = BUILT_PRODUCTS_DIR; };
		A58550321DD83472006A7210 /* AppDelegate.swift */ = {isa = PBXFileReference; lastKnownFileType = sourcecode.swift; path = AppDelegate.swift; sourceTree = "<group>"; };
		A58550341DD83472006A7210 /* ViewController.swift */ = {isa = PBXFileReference; lastKnownFileType = sourcecode.swift; path = ViewController.swift; sourceTree = "<group>"; };
		A58550371DD83472006A7210 /* Base */ = {isa = PBXFileReference; lastKnownFileType = file.storyboard; name = Base; path = Base.lproj/Main.storyboard; sourceTree = "<group>"; };
		A58550391DD83472006A7210 /* Assets.xcassets */ = {isa = PBXFileReference; lastKnownFileType = folder.assetcatalog; path = Assets.xcassets; sourceTree = "<group>"; };
		A585503C1DD83472006A7210 /* Base */ = {isa = PBXFileReference; lastKnownFileType = file.storyboard; name = Base; path = Base.lproj/LaunchScreen.storyboard; sourceTree = "<group>"; };
		A585503E1DD83472006A7210 /* Info.plist */ = {isa = PBXFileReference; lastKnownFileType = text.plist.xml; path = Info.plist; sourceTree = "<group>"; };
		DE67BB12C35DEB78870AFB5C /* Pods-ViMeow.debug.xcconfig */ = {isa = PBXFileReference; includeInIndex = 1; lastKnownFileType = text.xcconfig; name = "Pods-ViMeow.debug.xcconfig"; path = "Pods/Target Support Files/Pods-ViMeow/Pods-ViMeow.debug.xcconfig"; sourceTree = "<group>"; };
		F0665A162578901CF4440ABE /* Pods-ViMeow.release.xcconfig */ = {isa = PBXFileReference; includeInIndex = 1; lastKnownFileType = text.xcconfig; name = "Pods-ViMeow.release.xcconfig"; path = "Pods/Target Support Files/Pods-ViMeow/Pods-ViMeow.release.xcconfig"; sourceTree = "<group>"; };
/* End PBXFileReference section */

/* Begin PBXFrameworksBuildPhase section */
		A585502C1DD83471006A7210 /* Frameworks */ = {
			isa = PBXFrameworksBuildPhase;
			buildActionMask = 2147483647;
			files = (
				19947658A25C25DF16DF68E0 /* Pods_ViMeow.framework in Frameworks */,
			);
			runOnlyForDeploymentPostprocessing = 0;
		};
/* End PBXFrameworksBuildPhase section */

/* Begin PBXGroup section */
		64AFF79EA09A6A4153649CD0 /* Frameworks */ = {
			isa = PBXGroup;
			children = (
				09B6BC176E9816713D94A5C5 /* Pods_ViMeow.framework */,
			);
			name = Frameworks;
			sourceTree = "<group>";
		};
		72709DFE935546074DA93F74 /* Pods */ = {
			isa = PBXGroup;
			children = (
				DE67BB12C35DEB78870AFB5C /* Pods-ViMeow.debug.xcconfig */,
				F0665A162578901CF4440ABE /* Pods-ViMeow.release.xcconfig */,
			);
			name = Pods;
			sourceTree = "<group>";
		};
		A58550261DD83471006A7210 = {
			isa = PBXGroup;
			children = (
				A58550311DD83472006A7210 /* ViMeow */,
				A58550301DD83472006A7210 /* Products */,
				72709DFE935546074DA93F74 /* Pods */,
				64AFF79EA09A6A4153649CD0 /* Frameworks */,
			);
			sourceTree = "<group>";
		};
		A58550301DD83472006A7210 /* Products */ = {
			isa = PBXGroup;
			children = (
				A585502F1DD83472006A7210 /* ViMeow.app */,
			);
			name = Products;
			sourceTree = "<group>";
		};
		A58550311DD83472006A7210 /* ViMeow */ = {
			isa = PBXGroup;
			children = (
				A58550321DD83472006A7210 /* AppDelegate.swift */,
				A58550341DD83472006A7210 /* ViewController.swift */,
				A58550361DD83472006A7210 /* Main.storyboard */,
				A58550391DD83472006A7210 /* Assets.xcassets */,
				A585503B1DD83472006A7210 /* LaunchScreen.storyboard */,
				A585503E1DD83472006A7210 /* Info.plist */,
			);
			path = ViMeow;
			sourceTree = "<group>";
		};
/* End PBXGroup section */

/* Begin PBXNativeTarget section */
		A585502E1DD83471006A7210 /* ViMeow */ = {
			isa = PBXNativeTarget;
			buildConfigurationList = A58550411DD83472006A7210 /* Build configuration list for PBXNativeTarget "ViMeow" */;
			buildPhases = (
				BBE3A2036274D028257D3E8F /* [CP] Check Pods Manifest.lock */,
				A585502B1DD83471006A7210 /* Sources */,
				A585502C1DD83471006A7210 /* Frameworks */,
				A585502D1DD83471006A7210 /* Resources */,
				407511ADFBECC2660379B2DE /* [CP] Embed Pods Frameworks */,
				9BB1394A4BF0499849F4BB2E /* [CP] Copy Pods Resources */,
			);
			buildRules = (
			);
			dependencies = (
			);
			name = ViMeow;
			productName = ViMeow;
			productReference = A585502F1DD83472006A7210 /* ViMeow.app */;
			productType = "com.apple.product-type.application";
		};
/* End PBXNativeTarget section */

/* Begin PBXProject section */
		A58550271DD83471006A7210 /* Project object */ = {
			isa = PBXProject;
			attributes = {
				LastSwiftUpdateCheck = 0810;
				LastUpgradeCheck = 0810;
				ORGANIZATIONNAME = "Jillian Somera";
				TargetAttributes = {
					A585502E1DD83471006A7210 = {
						CreatedOnToolsVersion = 8.1;
						DevelopmentTeam = 6BV98965TL;
						ProvisioningStyle = Automatic;
					};
				};
			};
			buildConfigurationList = A585502A1DD83471006A7210 /* Build configuration list for PBXProject "ViMeow" */;
			compatibilityVersion = "Xcode 3.2";
			developmentRegion = English;
			hasScannedForEncodings = 0;
			knownRegions = (
				en,
				Base,
			);
			mainGroup = A58550261DD83471006A7210;
			productRefGroup = A58550301DD83472006A7210 /* Products */;
			projectDirPath = "";
			projectRoot = "";
			targets = (
				A585502E1DD83471006A7210 /* ViMeow */,
			);
		};
/* End PBXProject section */

/* Begin PBXResourcesBuildPhase section */
		A585502D1DD83471006A7210 /* Resources */ = {
			isa = PBXResourcesBuildPhase;
			buildActionMask = 2147483647;
			files = (
				A585503D1DD83472006A7210 /* LaunchScreen.storyboard in Resources */,
				A585503A1DD83472006A7210 /* Assets.xcassets in Resources */,
				A58550381DD83472006A7210 /* Main.storyboard in Resources */,
			);
			runOnlyForDeploymentPostprocessing = 0;
		};
/* End PBXResourcesBuildPhase section */

/* Begin PBXShellScriptBuildPhase section */
		407511ADFBECC2660379B2DE /* [CP] Embed Pods Frameworks */ = {
			isa = PBXShellScriptBuildPhase;
			buildActionMask = 2147483647;
			files = (
			);
			inputPaths = (
			);
			name = "[CP] Embed Pods Frameworks";
			outputPaths = (
			);
			runOnlyForDeploymentPostprocessing = 0;
			shellPath = /bin/sh;
			shellScript = "\"${SRCROOT}/Pods/Target Support Files/Pods-ViMeow/Pods-ViMeow-frameworks.sh\"\n";
			showEnvVarsInLog = 0;
		};
		9BB1394A4BF0499849F4BB2E /* [CP] Copy Pods Resources */ = {
			isa = PBXShellScriptBuildPhase;
			buildActionMask = 2147483647;
			files = (
			);
			inputPaths = (
			);
			name = "[CP] Copy Pods Resources";
			outputPaths = (
			);
			runOnlyForDeploymentPostprocessing = 0;
			shellPath = /bin/sh;
			shellScript = "\"${SRCROOT}/Pods/Target Support Files/Pods-ViMeow/Pods-ViMeow-resources.sh\"\n";
			showEnvVarsInLog = 0;
		};
		BBE3A2036274D028257D3E8F /* [CP] Check Pods Manifest.lock */ = {
			isa = PBXShellScriptBuildPhase;
			buildActionMask = 2147483647;
			files = (
			);
			inputPaths = (
			);
			name = "[CP] Check Pods Manifest.lock";
			outputPaths = (
			);
			runOnlyForDeploymentPostprocessing = 0;
			shellPath = /bin/sh;
			shellScript = "diff \"${PODS_ROOT}/../Podfile.lock\" \"${PODS_ROOT}/Manifest.lock\" > /dev/null\nif [ $? != 0 ] ; then\n    # print error to STDERR\n    echo \"error: The sandbox is not in sync with the Podfile.lock. Run 'pod install' or update your CocoaPods installation.\" >&2\n    exit 1\nfi\n";
			showEnvVarsInLog = 0;
		};
/* End PBXShellScriptBuildPhase section */

/* Begin PBXSourcesBuildPhase section */
		A585502B1DD83471006A7210 /* Sources */ = {
			isa = PBXSourcesBuildPhase;
			buildActionMask = 2147483647;
			files = (
				A58550351DD83472006A7210 /* ViewController.swift in Sources */,
				A58550331DD83472006A7210 /* AppDelegate.swift in Sources */,
			);
			runOnlyForDeploymentPostprocessing = 0;
		};
/* End PBXSourcesBuildPhase section */

/* Begin PBXVariantGroup section */
		A58550361DD83472006A7210 /* Main.storyboard */ = {
			isa = PBXVariantGroup;
			children = (
				A58550371DD83472006A7210 /* Base */,
			);
			name = Main.storyboard;
			sourceTree = "<group>";
		};
		A585503B1DD83472006A7210 /* LaunchScreen.storyboard */ = {
			isa = PBXVariantGroup;
			children = (
				A585503C1DD83472006A7210 /* Base */,
			);
			name = LaunchScreen.storyboard;
			sourceTree = "<group>";
		};
/* End PBXVariantGroup section */

/* Begin XCBuildConfiguration section */
		A585503F1DD83472006A7210 /* Debug */ = {
			isa = XCBuildConfiguration;
			buildSettings = {
				ALWAYS_SEARCH_USER_PATHS = NO;
				CLANG_ANALYZER_NONNULL = YES;
				CLANG_CXX_LANGUAGE_STANDARD = "gnu++0x";
				CLANG_CXX_LIBRARY = "libc++";
				CLANG_ENABLE_MODULES = YES;
				CLANG_ENABLE_OBJC_ARC = YES;
				CLANG_WARN_BOOL_CONVERSION = YES;
				CLANG_WARN_CONSTANT_CONVERSION = YES;
				CLANG_WARN_DIRECT_OBJC_ISA_USAGE = YES_ERROR;
				CLANG_WARN_DOCUMENTATION_COMMENTS = YES;
				CLANG_WARN_EMPTY_BODY = YES;
				CLANG_WARN_ENUM_CONVERSION = YES;
				CLANG_WARN_INFINITE_RECURSION = YES;
				CLANG_WARN_INT_CONVERSION = YES;
				CLANG_WARN_OBJC_ROOT_CLASS = YES_ERROR;
				CLANG_WARN_SUSPICIOUS_MOVES = YES;
				CLANG_WARN_UNREACHABLE_CODE = YES;
				CLANG_WARN__DUPLICATE_METHOD_MATCH = YES;
				"CODE_SIGN_IDENTITY[sdk=iphoneos*]" = "iPhone Developer";
				COPY_PHASE_STRIP = NO;
				DEBUG_INFORMATION_FORMAT = dwarf;
				ENABLE_STRICT_OBJC_MSGSEND = YES;
				ENABLE_TESTABILITY = YES;
				GCC_C_LANGUAGE_STANDARD = gnu99;
				GCC_DYNAMIC_NO_PIC = NO;
				GCC_NO_COMMON_BLOCKS = YES;
				GCC_OPTIMIZATION_LEVEL = 0;
				GCC_PREPROCESSOR_DEFINITIONS = (
					"DEBUG=1",
					"$(inherited)",
				);
				GCC_WARN_64_TO_32_BIT_CONVERSION = YES;
				GCC_WARN_ABOUT_RETURN_TYPE = YES_ERROR;
				GCC_WARN_UNDECLARED_SELECTOR = YES;
				GCC_WARN_UNINITIALIZED_AUTOS = YES_AGGRESSIVE;
				GCC_WARN_UNUSED_FUNCTION = YES;
				GCC_WARN_UNUSED_VARIABLE = YES;
				IPHONEOS_DEPLOYMENT_TARGET = 10.1;
				MTL_ENABLE_DEBUG_INFO = YES;
				ONLY_ACTIVE_ARCH = YES;
				SDKROOT = iphoneos;
				SWIFT_ACTIVE_COMPILATION_CONDITIONS = DEBUG;
				SWIFT_OPTIMIZATION_LEVEL = "-Onone";
				TARGETED_DEVICE_FAMILY = "1,2";
			};
			name = Debug;
		};
		A58550401DD83472006A7210 /* Release */ = {
			isa = XCBuildConfiguration;
			buildSettings = {
				ALWAYS_SEARCH_USER_PATHS = NO;
				CLANG_ANALYZER_NONNULL = YES;
				CLANG_CXX_LANGUAGE_STANDARD = "gnu++0x";
				CLANG_CXX_LIBRARY = "libc++";
				CLANG_ENABLE_MODULES = YES;
				CLANG_ENABLE_OBJC_ARC = YES;
				CLANG_WARN_BOOL_CONVERSION = YES;
				CLANG_WARN_CONSTANT_CONVERSION = YES;
				CLANG_WARN_DIRECT_OBJC_ISA_USAGE = YES_ERROR;
				CLANG_WARN_DOCUMENTATION_COMMENTS = YES;
				CLANG_WARN_EMPTY_BODY = YES;
				CLANG_WARN_ENUM_CONVERSION = YES;
				CLANG_WARN_INFINITE_RECURSION = YES;
				CLANG_WARN_INT_CONVERSION = YES;
				CLANG_WARN_OBJC_ROOT_CLASS = YES_ERROR;
				CLANG_WARN_SUSPICIOUS_MOVES = YES;
				CLANG_WARN_UNREACHABLE_CODE = YES;
				CLANG_WARN__DUPLICATE_METHOD_MATCH = YES;
				"CODE_SIGN_IDENTITY[sdk=iphoneos*]" = "iPhone Developer";
				COPY_PHASE_STRIP = NO;
				DEBUG_INFORMATION_FORMAT = "dwarf-with-dsym";
				ENABLE_NS_ASSERTIONS = NO;
				ENABLE_STRICT_OBJC_MSGSEND = YES;
				GCC_C_LANGUAGE_STANDARD = gnu99;
				GCC_NO_COMMON_BLOCKS = YES;
				GCC_WARN_64_TO_32_BIT_CONVERSION = YES;
				GCC_WARN_ABOUT_RETURN_TYPE = YES_ERROR;
				GCC_WARN_UNDECLARED_SELECTOR = YES;
				GCC_WARN_UNINITIALIZED_AUTOS = YES_AGGRESSIVE;
				GCC_WARN_UNUSED_FUNCTION = YES;
				GCC_WARN_UNUSED_VARIABLE = YES;
				IPHONEOS_DEPLOYMENT_TARGET = 10.1;
				MTL_ENABLE_DEBUG_INFO = NO;
				SDKROOT = iphoneos;
				SWIFT_OPTIMIZATION_LEVEL = "-Owholemodule";
				TARGETED_DEVICE_FAMILY = "1,2";
				VALIDATE_PRODUCT = YES;
			};
			name = Release;
		};
		A58550421DD83472006A7210 /* Debug */ = {
			isa = XCBuildConfiguration;
			baseConfigurationReference = DE67BB12C35DEB78870AFB5C /* Pods-ViMeow.debug.xcconfig */;
			buildSettings = {
				ASSETCATALOG_COMPILER_APPICON_NAME = AppIcon;
				"CODE_SIGN_IDENTITY[sdk=iphoneos*]" = "iPhone Developer";
				DEVELOPMENT_TEAM = 6BV98965TL;
				INFOPLIST_FILE = ViMeow/Info.plist;
				LD_RUNPATH_SEARCH_PATHS = "$(inherited) @executable_path/Frameworks";
				PRODUCT_BUNDLE_IDENTIFIER = com.jilliansomera.ViMeow;
				PRODUCT_NAME = "$(TARGET_NAME)";
				SWIFT_VERSION = 3.0;
			};
			name = Debug;
		};
		A58550431DD83472006A7210 /* Release */ = {
			isa = XCBuildConfiguration;
			baseConfigurationReference = F0665A162578901CF4440ABE /* Pods-ViMeow.release.xcconfig */;
			buildSettings = {
				ASSETCATALOG_COMPILER_APPICON_NAME = AppIcon;
				"CODE_SIGN_IDENTITY[sdk=iphoneos*]" = "iPhone Developer";
				DEVELOPMENT_TEAM = 6BV98965TL;
				INFOPLIST_FILE = ViMeow/Info.plist;
				LD_RUNPATH_SEARCH_PATHS = "$(inherited) @executable_path/Frameworks";
				PRODUCT_BUNDLE_IDENTIFIER = com.jilliansomera.ViMeow;
				PRODUCT_NAME = "$(TARGET_NAME)";
				SWIFT_VERSION = 3.0;
			};
			name = Release;
		};
/* End XCBuildConfiguration section */

/* Begin XCConfigurationList section */
		A585502A1DD83471006A7210 /* Build configuration list for PBXProject "ViMeow" */ = {
			isa = XCConfigurationList;
			buildConfigurations = (
				A585503F1DD83472006A7210 /* Debug */,
				A58550401DD83472006A7210 /* Release */,
			);
			defaultConfigurationIsVisible = 0;
			defaultConfigurationName = Release;
		};
		A58550411DD83472006A7210 /* Build configuration list for PBXNativeTarget "ViMeow" */ = {
			isa = XCConfigurationList;
			buildConfigurations = (
				A58550421DD83472006A7210 /* Debug */,
				A58550431DD83472006A7210 /* Release */,
			);
			defaultConfigurationIsVisible = 0;
		};
/* End XCConfigurationList section */
	};
	rootObject = A58550271DD83471006A7210 /* Project object */;
}
